
Microsoft Visual Studio Solution File, Format Version 12.00
Project("{FAE04EC0-301F-11D3-BF4B-00C04F79EFBC}") = "EfSchemaIssue", "EfSchemaIssue\EfSchemaIssue.csproj", "{196F8952-FF2D-4203-88CB-87703C1A34EB}"
EndProject
Global
	GlobalSection(SolutionConfigurationPlatforms) = preSolution
		Debug|Any CPU = Debug|Any CPU
		Release|Any CPU = Release|Any CPU
	EndGlobalSection
	GlobalSection(ProjectConfigurationPlatforms) = postSolution
		{196F8952-FF2D-4203-88CB-87703C1A34EB}.Debug|Any CPU.ActiveCfg = Debug|Any CPU
		{196F8952-FF2D-4203-88CB-87703C1A34EB}.Debug|Any CPU.Build.0 = Debug|Any CPU
		{196F8952-FF2D-4203-88CB-87703C1A34EB}.Release|Any CPU.ActiveCfg = Release|Any CPU
		{196F8952-FF2D-4203-88CB-87703C1A34EB}.Release|Any CPU.Build.0 = Release|Any CPU
	EndGlobalSection
EndGlobal
